
Microsoft Visual Studio Solution File, Format Version 12.00
# Visual Studio Version 16
VisualStudioVersion = 16.0.30128.74
MinimumVisualStudioVersion = 10.0.40219.1
Project("{FAE04EC0-301F-11D3-BF4B-00C04F79EFBC}") = "XabeAndroidTest", "XabeAndroidTest\XabeAndroidTest.csproj", "{C5928DD9-D2A5-4722-8B5C-8031F7E63944}"
EndProject
Global
	GlobalSection(SolutionConfigurationPlatforms) = preSolution
		Debug|Any CPU = Debug|Any CPU
		Release|Any CPU = Release|Any CPU
	EndGlobalSection
	GlobalSection(ProjectConfigurationPlatforms) = postSolution
		{C5928DD9-D2A5-4722-8B5C-8031F7E63944}.Debug|Any CPU.ActiveCfg = Debug|Any CPU
		{C5928DD9-D2A5-4722-8B5C-8031F7E63944}.Debug|Any CPU.Build.0 = Debug|Any CPU
		{C5928DD9-D2A5-4722-8B5C-8031F7E63944}.Debug|Any CPU.Deploy.0 = Debug|Any CPU
		{C5928DD9-D2A5-4722-8B5C-8031F7E63944}.Release|Any CPU.ActiveCfg = Release|Any CPU
		{C5928DD9-D2A5-4722-8B5C-8031F7E63944}.Release|Any CPU.Build.0 = Release|Any CPU
		{C5928DD9-D2A5-4722-8B5C-8031F7E63944}.Release|Any CPU.Deploy.0 = Release|Any CPU
	EndGlobalSection
	GlobalSection(SolutionProperties) = preSolution
		HideSolutionNode = FALSE
	EndGlobalSection
	GlobalSection(ExtensibilityGlobals) = postSolution
		SolutionGuid = {588DCD58-7042-452E-9D39-1449AF654B68}
	EndGlobalSection
EndGlobal
